
Microsoft Visual Studio Solution File, Format Version 12.00
# Visual Studio 15
VisualStudioVersion = 15.0.27703.2035
MinimumVisualStudioVersion = 10.0.40219.1
Project("{9A19103F-16F7-4668-BE54-9A1E7A4F7556}") = "RabbitMQReceiverEnhanced", "RabbitMQReceiverEnhanced\RabbitMQReceiverEnhanced.csproj", "{93294859-CCC3-4E27-9025-E69D257EF70C}"
EndProject
Project("{FAE04EC0-301F-11D3-BF4B-00C04F79EFBC}") = "RabbitMQUnitTests", "RabbitMQUnitTests\RabbitMQUnitTests.csproj", "{5FBFBD68-1936-430C-AAAA-B1FF6AF87049}"
EndProject
Global
	GlobalSection(SolutionConfigurationPlatforms) = preSolution
		Debug|Any CPU = Debug|Any CPU
		Release|Any CPU = Release|Any CPU
	EndGlobalSection
	GlobalSection(ProjectConfigurationPlatforms) = postSolution
		{93294859-CCC3-4E27-9025-E69D257EF70C}.Debug|Any CPU.ActiveCfg = Debug|Any CPU
		{93294859-CCC3-4E27-9025-E69D257EF70C}.Debug|Any CPU.Build.0 = Debug|Any CPU
		{93294859-CCC3-4E27-9025-E69D257EF70C}.Release|Any CPU.ActiveCfg = Release|Any CPU
		{93294859-CCC3-4E27-9025-E69D257EF70C}.Release|Any CPU.Build.0 = Release|Any CPU
		{5FBFBD68-1936-430C-AAAA-B1FF6AF87049}.Debug|Any CPU.ActiveCfg = Debug|Any CPU
		{5FBFBD68-1936-430C-AAAA-B1FF6AF87049}.Debug|Any CPU.Build.0 = Debug|Any CPU
		{5FBFBD68-1936-430C-AAAA-B1FF6AF87049}.Release|Any CPU.ActiveCfg = Release|Any CPU
		{5FBFBD68-1936-430C-AAAA-B1FF6AF87049}.Release|Any CPU.Build.0 = Release|Any CPU
	EndGlobalSection
	GlobalSection(SolutionProperties) = preSolution
		HideSolutionNode = FALSE
	EndGlobalSection
	GlobalSection(ExtensibilityGlobals) = postSolution
		SolutionGuid = {F74A4952-8A57-4D71-8607-613CC31F057D}
	EndGlobalSection
EndGlobal
